<?xml version="1.0" encoding="UTF-8"?>
<Scheme
   LastUpgradeVersion = "0640"
   version = "2.0">
   <BuildAction
      parallelizeBuildables = "YES"
      buildImplicitDependencies = "YES">
      <BuildActionEntries>
         <BuildActionEntry
            buildForTesting = "YES"
            buildForRunning = "YES"
            buildForProfiling = "YES"
            buildForArchiving = "YES"
            buildForAnalyzing = "YES">
            <BuildableReference
               BuildableIdentifier = "primary"
               BlueprintIdentifier = "541AB5A61B1B9CAE00A1B4FE"
               BuildableName = "BrainEnhancer_test WatchKit App.app"
               BlueprintName = "BrainEnhancer_test WatchKit App"
               ReferencedContainer = "container:BrainEnhancer_test.xcodeproj">
            </BuildableReference>
         </BuildActionEntry>
         <BuildActionEntry
            buildForTesting = "YES"
            buildForRunning = "YES"
            buildForProfiling = "YES"
            buildForArchiving = "YES"
            buildForAnalyzing = "YES">
            <BuildableReference
               BuildableIdentifier = "primary"
               BlueprintIdentifier = "541AB56C1B1B914700A1B4FE"
               BuildableName = "BrainEnhancer_test.app"
               BlueprintName = "BrainEnhancer_test"
               ReferencedContainer = "container:BrainEnhancer_test.xcodeproj">
            </BuildableReference>
         </BuildActionEntry>
         <BuildActionEntry
            buildForTesting = "YES"
            buildForRunning = "YES"
            buildForProfiling = "YES"
            buildForArchiving = "YES"
            buildForAnalyzing = "YES">
            <BuildableReference
               BuildableIdentifier = "primary"
               BlueprintIdentifier = "541AB5971B1B9CAE00A1B4FE"
               BuildableName = "BrainEnhancer_test WatchKit Extension.appex"
               BlueprintName = "BrainEnhancer_test WatchKit Extension"
               ReferencedContainer = "container:BrainEnhancer_test.xcodeproj">
            </BuildableReference>
         </BuildActionEntry>
      </BuildActionEntries>
   </BuildAction>
   <TestAction
      selectedDebuggerIdentifier = "Xcode.DebuggerFoundation.Debugger.LLDB"
      selectedLauncherIdentifier = "Xcode.DebuggerFoundation.Launcher.LLDB"
      shouldUseLaunchSchemeArgsEnv = "YES"
      buildConfiguration = "Debug">
      <Testables>
      </Testables>
      <MacroExpansion>
         <BuildableReference
            BuildableIdentifier = "primary"
            BlueprintIdentifier = "541AB5A61B1B9CAE00A1B4FE"
            BuildableName = "BrainEnhancer_test WatchKit App.app"
            BlueprintName = "BrainEnhancer_test WatchKit App"
            ReferencedContainer = "container:BrainEnhancer_test.xcodeproj">
         </BuildableReference>
      </MacroExpansion>
   </TestAction>
   <LaunchAction
      selectedDebuggerIdentifier = "Xcode.DebuggerFoundation.Debugger.LLDB"
      selectedLauncherIdentifier = "Xcode.DebuggerFoundation.Launcher.LLDB"
      launchStyle = "0"
      useCustomWorkingDirectory = "NO"
      buildConfiguration = "Debug"
      ignoresPersistentStateOnLaunch = "NO"
      debugDocumentVersioning = "YES"
      allowLocationSimulation = "YES"
      launchAutomaticallySubstyle = "4"
      notificationPayloadFile = "BrainEnhancer_test WatchKit Extension/PushNotificationPayload.apns">
      <RemoteRunnable
         runnableDebuggingMode = "2"
         BundleIdentifier = "com.apple.springboard"
         RemotePath = "/BrainEnhancer_test">
         <BuildableReference
            BuildableIdentifier = "primary"
            BlueprintIdentifier = "541AB5A61B1B9CAE00A1B4FE"
            BuildableName = "BrainEnhancer_test WatchKit App.app"
            BlueprintName = "BrainEnhancer_test WatchKit App"
            ReferencedContainer = "container:BrainEnhancer_test.xcodeproj">
         </BuildableReference>
      </RemoteRunnable>
      <MacroExpansion>
         <BuildableReference
            BuildableIdentifier = "primary"
            BlueprintIdentifier = "541AB5A61B1B9CAE00A1B4FE"
            BuildableName = "BrainEnhancer_test WatchKit App.app"
            BlueprintName = "BrainEnhancer_test WatchKit App"
            ReferencedContainer = "container:BrainEnhancer_test.xcodeproj">
         </BuildableReference>
      </MacroExpansion>
      <AdditionalOptions>
      </AdditionalOptions>
   </LaunchAction>
   <ProfileAction
      shouldUseLaunchSchemeArgsEnv = "YES"
      savedToolIdentifier = ""
      useCustomWorkingDirectory = "NO"
      buildConfiguration = "Release"
      debugDocumentVersioning = "YES"
      launchAutomaticallySubstyle = "4"
      notificationPayloadFile = "BrainEnhancer_test WatchKit Extension/PushNotificationPayload.apns">
      <RemoteRunnable
         runnableDebuggingMode = "2"
         BundleIdentifier = "com.apple.springboard"
         RemotePath = "/BrainEnhancer_test">
         <BuildableReference
            BuildableIdentifier = "primary"
            BlueprintIdentifier = "541AB5A61B1B9CAE00A1B4FE"
            BuildableName = "BrainEnhancer_test WatchKit App.app"
            BlueprintName = "BrainEnhancer_test WatchKit App"
            ReferencedContainer = "container:BrainEnhancer_test.xcodeproj">
         </BuildableReference>
      </RemoteRunnable>
      <MacroExpansion>
         <BuildableReference
            BuildableIdentifier = "primary"
            BlueprintIdentifier = "541AB5A61B1B9CAE00A1B4FE"
            BuildableName = "BrainEnhancer_test WatchKit App.app"
            BlueprintName = "BrainEnhancer_test WatchKit App"
            ReferencedContainer = "container:BrainEnhancer_test.xcodeproj">
         </BuildableReference>
      </MacroExpansion>
   </ProfileAction>
   <AnalyzeAction
      buildConfiguration = "Debug">
   </AnalyzeAction>
   <ArchiveAction
      buildConfiguration = "Release"
      revealArchiveInOrganizer = "YES">
   </ArchiveAction>
</Scheme>
